
Microsoft Visual Studio Solution File, Format Version 12.00
# Visual Studio 15
VisualStudioVersion = 15.0.28307.1082
MinimumVisualStudioVersion = 10.0.40219.1
Project("{FAE04EC0-301F-11D3-BF4B-00C04F79EFBC}") = "demo", "demo\demo.csproj", "{577BE599-DDBA-40FA-8CB8-A62957399222}"
EndProject
Global
	GlobalSection(SolutionConfigurationPlatforms) = preSolution
		Debug|Any CPU = Debug|Any CPU
		Release|Any CPU = Release|Any CPU
	EndGlobalSection
	GlobalSection(ProjectConfigurationPlatforms) = postSolution
		{577BE599-DDBA-40FA-8CB8-A62957399222}.Debug|Any CPU.ActiveCfg = Debug|Any CPU
		{577BE599-DDBA-40FA-8CB8-A62957399222}.Debug|Any CPU.Build.0 = Debug|Any CPU
		{577BE599-DDBA-40FA-8CB8-A62957399222}.Release|Any CPU.ActiveCfg = Release|Any CPU
		{577BE599-DDBA-40FA-8CB8-A62957399222}.Release|Any CPU.Build.0 = Release|Any CPU
	EndGlobalSection
	GlobalSection(SolutionProperties) = preSolution
		HideSolutionNode = FALSE
	EndGlobalSection
	GlobalSection(ExtensibilityGlobals) = postSolution
		SolutionGuid = {85B686C7-339C-4D6E-8A92-8C97C37A9C8C}
	EndGlobalSection
EndGlobal
